
Microsoft Visual Studio Solution File, Format Version 12.00
# Visual Studio Version 17
VisualStudioVersion = 17.1.32421.90
MinimumVisualStudioVersion = 10.0.40219.1
Project("{FAE04EC0-301F-11D3-BF4B-00C04F79EFBC}") = "CreatePDF", "CreatePDF.csproj", "{B35357CC-7BBD-4338-8947-AB3A7FECF6EA}"
EndProject
Global
	GlobalSection(SolutionConfigurationPlatforms) = preSolution
		Debug|Any CPU = Debug|Any CPU
		Release|Any CPU = Release|Any CPU
	EndGlobalSection
	GlobalSection(ProjectConfigurationPlatforms) = postSolution
		{B35357CC-7BBD-4338-8947-AB3A7FECF6EA}.Debug|Any CPU.ActiveCfg = Debug|Any CPU
		{B35357CC-7BBD-4338-8947-AB3A7FECF6EA}.Debug|Any CPU.Build.0 = Debug|Any CPU
		{B35357CC-7BBD-4338-8947-AB3A7FECF6EA}.Release|Any CPU.ActiveCfg = Release|Any CPU
		{B35357CC-7BBD-4338-8947-AB3A7FECF6EA}.Release|Any CPU.Build.0 = Release|Any CPU
	EndGlobalSection
	GlobalSection(SolutionProperties) = preSolution
		HideSolutionNode = FALSE
	EndGlobalSection
	GlobalSection(ExtensibilityGlobals) = postSolution
		SolutionGuid = {F83AF228-0E84-4B03-A7D8-99EB230C78B0}
	EndGlobalSection
EndGlobal
